
Microsoft Visual Studio Solution File, Format Version 12.00
# Visual Studio Version 17
VisualStudioVersion = 17.3.32929.385
MinimumVisualStudioVersion = 10.0.40219.1
Project("{FAE04EC0-301F-11D3-BF4B-00C04F79EFBC}") = "GeleceğeNot", "GeleceğeNot.csproj", "{D83DDF81-6594-40DF-8AC7-52521CAA876E}"
EndProject
Global
	GlobalSection(SolutionConfigurationPlatforms) = preSolution
		Debug|Any CPU = Debug|Any CPU
		Release|Any CPU = Release|Any CPU
	EndGlobalSection
	GlobalSection(ProjectConfigurationPlatforms) = postSolution
		{D83DDF81-6594-40DF-8AC7-52521CAA876E}.Debug|Any CPU.ActiveCfg = Debug|Any CPU
		{D83DDF81-6594-40DF-8AC7-52521CAA876E}.Debug|Any CPU.Build.0 = Debug|Any CPU
		{D83DDF81-6594-40DF-8AC7-52521CAA876E}.Release|Any CPU.ActiveCfg = Release|Any CPU
		{D83DDF81-6594-40DF-8AC7-52521CAA876E}.Release|Any CPU.Build.0 = Release|Any CPU
	EndGlobalSection
	GlobalSection(SolutionProperties) = preSolution
		HideSolutionNode = FALSE
	EndGlobalSection
	GlobalSection(ExtensibilityGlobals) = postSolution
		SolutionGuid = {6D3C86BA-3426-465E-8D49-FEC1D44601EC}
	EndGlobalSection
EndGlobal
